
Microsoft Visual Studio Solution File, Format Version 12.00
# Visual Studio Version 16
VisualStudioVersion = 16.0.29318.209
MinimumVisualStudioVersion = 10.0.40219.1
Project("{FAE04EC0-301F-11D3-BF4B-00C04F79EFBC}") = "API", "API.csproj", "{993DAA41-15FB-4700-A255-9313AB083218}"
EndProject
Global
	GlobalSection(SolutionConfigurationPlatforms) = preSolution
		Debug|Any CPU = Debug|Any CPU
		Release|Any CPU = Release|Any CPU
	EndGlobalSection
	GlobalSection(ProjectConfigurationPlatforms) = postSolution
		{993DAA41-15FB-4700-A255-9313AB083218}.Debug|Any CPU.ActiveCfg = Debug|Any CPU
		{993DAA41-15FB-4700-A255-9313AB083218}.Debug|Any CPU.Build.0 = Debug|Any CPU
		{993DAA41-15FB-4700-A255-9313AB083218}.Release|Any CPU.ActiveCfg = Release|Any CPU
		{993DAA41-15FB-4700-A255-9313AB083218}.Release|Any CPU.Build.0 = Release|Any CPU
	EndGlobalSection
	GlobalSection(SolutionProperties) = preSolution
		HideSolutionNode = FALSE
	EndGlobalSection
	GlobalSection(ExtensibilityGlobals) = postSolution
		SolutionGuid = {C075E62D-9BCA-443C-8C5C-1DF957B9A5C3}
	EndGlobalSection
EndGlobal
